// !$*UTF8*$!
{
	archiveVersion = 1;
	classes = {
	};
	objectVersion = 46;
	objects = {

/* Begin PBXBuildFile section */
		4D5905821F0F48D2000AEC2E /* main.m in Sources */ = {isa = PBXBuildFile; fileRef = 4D5905811F0F48D2000AEC2E /* main.m */; };
		4D5905851F0F48D2000AEC2E /* AppDelegate.m in Sources */ = {isa = PBXBuildFile; fileRef = 4D5905841F0F48D2000AEC2E /* AppDelegate.m */; };
		4D5905881F0F48D2000AEC2E /* ViewController.m in Sources */ = {isa = PBXBuildFile; fileRef = 4D5905871F0F48D2000AEC2E /* ViewController.m */; };
		4D59058B1F0F48D2000AEC2E /* Main.storyboard in Resources */ = {isa = PBXBuildFile; fileRef = 4D5905891F0F48D2000AEC2E /* Main.storyboard */; };
		4D59058D1F0F48D2000AEC2E /* Assets.xcassets in Resources */ = {isa = PBXBuildFile; fileRef = 4D59058C1F0F48D2000AEC2E /* Assets.xcassets */; };
		4D5905901F0F48D2000AEC2E /* LaunchScreen.storyboard in Resources */ = {isa = PBXBuildFile; fileRef = 4D59058E1F0F48D2000AEC2E /* LaunchScreen.storyboard */; };
		4D59059B1F0F48D2000AEC2E /* GitSampleTests.m in Sources */ = {isa = PBXBuildFile; fileRef = 4D59059A1F0F48D2000AEC2E /* GitSampleTests.m */; };
		4D5905A61F0F48D2000AEC2E /* GitSampleUITests.m in Sources */ = {isa = PBXBuildFile; fileRef = 4D5905A51F0F48D2000AEC2E /* GitSampleUITests.m */; };
/* End PBXBuildFile section */

/* Begin PBXContainerItemProxy section */
		4D5905971F0F48D2000AEC2E /* PBXContainerItemProxy */ = {
			isa = PBXContainerItemProxy;
			containerPortal = 4D5905751F0F48D2000AEC2E /* Project object */;
			proxyType = 1;
			remoteGlobalIDString = 4D59057C1F0F48D2000AEC2E;
			remoteInfo = GitSample;
		};
		4D5905A21F0F48D2000AEC2E /* PBXContainerItemProxy */ = {
			isa = PBXContainerItemProxy;
			containerPortal = 4D5905751F0F48D2000AEC2E /* Project object */;
			proxyType = 1;
			remoteGlobalIDString = 4D59057C1F0F48D2000AEC2E;
			remoteInfo = GitSample;
		};
/* End PBXContainerItemProxy section */

/* Begin PBXFileReference section */
		4D59057D1F0F48D2000AEC2E /* GitSample.app */ = {isa = PBXFileReference; explicitFileType = wrapper.application; includeInIndex = 0; path = GitSample.app; sourceTree = BUILT_PRODUCTS_DIR; };
		4D5905811F0F48D2000AEC2E /* main.m */ = {isa = PBXFileReference; lastKnownFileType = sourcecode.c.objc; path = main.m; sourceTree = "<group>"; };
		4D5905831F0F48D2000AEC2E /* AppDelegate.h */ = {isa = PBXFileReference; lastKnownFileType = sourcecode.c.h; path = AppDelegate.h; sourceTree = "<group>"; };
		4D5905841F0F48D2000AEC2E /* AppDelegate.m */ = {isa = PBXFileReference; lastKnownFileType = sourcecode.c.objc; path = AppDelegate.m; sourceTree = "<group>"; };
		4D5905861F0F48D2000AEC2E /* ViewController.h */ = {isa = PBXFileReference; lastKnownFileType = sourcecode.c.h; path = ViewController.h; sourceTree = "<group>"; };
		4D5905871F0F48D2000AEC2E /* ViewController.m */ = {isa = PBXFileReference; lastKnownFileType = sourcecode.c.objc; path = ViewController.m; sourceTree = "<group>"; };
		4D59058A1F0F48D2000AEC2E /* Base */ = {isa = PBXFileReference; lastKnownFileType = file.storyboard; name = Base; path = Base.lproj/Main.storyboard; sourceTree = "<group>"; };
		4D59058C1F0F48D2000AEC2E /* Assets.xcassets */ = {isa = PBXFileReference; lastKnownFileType = folder.assetcatalog; path = Assets.xcassets; sourceTree = "<group>"; };
		4D59058F1F0F48D2000AEC2E /* Base */ = {isa = PBXFileReference; lastKnownFileType = file.storyboard; name = Base; path = Base.lproj/LaunchScreen.storyboard; sourceTree = "<group>"; };
		4D5905911F0F48D2000AEC2E /* Info.plist */ = {isa = PBXFileReference; lastKnownFileType = text.plist.xml; path = Info.plist; sourceTree = "<group>"; };
		4D5905961F0F48D2000AEC2E /* GitSampleTests.xctest */ = {isa = PBXFileReference; explicitFileType = wrapper.cfbundle; includeInIndex = 0; path = GitSampleTests.xctest; sourceTree = BUILT_PRODUCTS_DIR; };
		4D59059A1F0F48D2000AEC2E /* GitSampleTests.m */ = {isa = PBXFileReference; lastKnownFileType = sourcecode.c.objc; path = GitSampleTests.m; sourceTree = "<group>"; };
		4D59059C1F0F48D2000AEC2E /* Info.plist */ = {isa = PBXFileReference; lastKnownFileType = text.plist.xml; path = Info.plist; sourceTree = "<group>"; };
		4D5905A11F0F48D2000AEC2E /* GitSampleUITests.xctest */ = {isa = PBXFileReference; explicitFileType = wrapper.cfbundle; includeInIndex = 0; path = GitSampleUITests.xctest; sourceTree = BUILT_PRODUCTS_DIR; };
		4D5905A51F0F48D2000AEC2E /* GitSampleUITests.m */ = {isa = PBXFileReference; lastKnownFileType = sourcecode.c.objc; path = GitSampleUITests.m; sourceTree = "<group>"; };
		4D5905A71F0F48D2000AEC2E /* Info.plist */ = {isa = PBXFileReference; lastKnownFileType = text.plist.xml; path = Info.plist; sourceTree = "<group>"; };
/* End PBXFileReference section */

/* Begin PBXFrameworksBuildPhase section */
		4D59057A1F0F48D2000AEC2E /* Frameworks */ = {
			isa = PBXFrameworksBuildPhase;
			buildActionMask = 2147483647;
			files = (
			);
			runOnlyForDeploymentPostprocessing = 0;
		};
		4D5905931F0F48D2000AEC2E /* Frameworks */ = {
			isa = PBXFrameworksBuildPhase;
			buildActionMask = 2147483647;
			files = (
			);
			runOnlyForDeploymentPostprocessing = 0;
		};
		4D59059E1F0F48D2000AEC2E /* Frameworks */ = {
			isa = PBXFrameworksBuildPhase;
			buildActionMask = 2147483647;
			files = (
			);
			runOnlyForDeploymentPostprocessing = 0;
		};
/* End PBXFrameworksBuildPhase section */

/* Begin PBXGroup section */
		4D5905741F0F48D2000AEC2E = {
			isa = PBXGroup;
			children = (
				4D59057F1F0F48D2000AEC2E /* GitSample */,
				4D5905991F0F48D2000AEC2E /* GitSampleTests */,
				4D5905A41F0F48D2000AEC2E /* GitSampleUITests */,
				4D59057E1F0F48D2000AEC2E /* Products */,
			);
			sourceTree = "<group>";
		};
		4D59057E1F0F48D2000AEC2E /* Products */ = {
			isa = PBXGroup;
			children = (
				4D59057D1F0F48D2000AEC2E /* GitSample.app */,
				4D5905961F0F48D2000AEC2E /* GitSampleTests.xctest */,
				4D5905A11F0F48D2000AEC2E /* GitSampleUITests.xctest */,
			);
			name = Products;
			sourceTree = "<group>";
		};
		4D59057F1F0F48D2000AEC2E /* GitSample */ = {
			isa = PBXGroup;
			children = (
				4D5905831F0F48D2000AEC2E /* AppDelegate.h */,
				4D5905841F0F48D2000AEC2E /* AppDelegate.m */,
				4D5905861F0F48D2000AEC2E /* ViewController.h */,
				4D5905871F0F48D2000AEC2E /* ViewController.m */,
				4D5905891F0F48D2000AEC2E /* Main.storyboard */,
				4D59058C1F0F48D2000AEC2E /* Assets.xcassets */,
				4D59058E1F0F48D2000AEC2E /* LaunchScreen.storyboard */,
				4D5905911F0F48D2000AEC2E /* Info.plist */,
				4D5905801F0F48D2000AEC2E /* Supporting Files */,
			);
			path = GitSample;
			sourceTree = "<group>";
		};
		4D5905801F0F48D2000AEC2E /* Supporting Files */ = {
			isa = PBXGroup;
			children = (
				4D5905811F0F48D2000AEC2E /* main.m */,
			);
			name = "Supporting Files";
			sourceTree = "<group>";
		};
		4D5905991F0F48D2000AEC2E /* GitSampleTests */ = {
			isa = PBXGroup;
			children = (
				4D59059A1F0F48D2000AEC2E /* GitSampleTests.m */,
				4D59059C1F0F48D2000AEC2E /* Info.plist */,
			);
			path = GitSampleTests;
			sourceTree = "<group>";
		};
		4D5905A41F0F48D2000AEC2E /* GitSampleUITests */ = {
			isa = PBXGroup;
			children = (
				4D5905A51F0F48D2000AEC2E /* GitSampleUITests.m */,
				4D5905A71F0F48D2000AEC2E /* Info.plist */,
			);
			path = GitSampleUITests;
			sourceTree = "<group>";
		};
/* End PBXGroup section */

/* Begin PBXNativeTarget section */
		4D59057C1F0F48D2000AEC2E /* GitSample */ = {
			isa = PBXNativeTarget;
			buildConfigurationList = 4D5905AA1F0F48D2000AEC2E /* Build configuration list for PBXNativeTarget "GitSample" */;
			buildPhases = (
				4D5905791F0F48D2000AEC2E /* Sources */,
				4D59057A1F0F48D2000AEC2E /* Frameworks */,
				4D59057B1F0F48D2000AEC2E /* Resources */,
			);
			buildRules = (
			);
			dependencies = (
			);
			name = GitSample;
			productName = GitSample;
			productReference = 4D59057D1F0F48D2000AEC2E /* GitSample.app */;
			productType = "com.apple.product-type.application";
		};
		4D5905951F0F48D2000AEC2E /* GitSampleTests */ = {
			isa = PBXNativeTarget;
			buildConfigurationList = 4D5905AD1F0F48D2000AEC2E /* Build configuration list for PBXNativeTarget "GitSampleTests" */;
			buildPhases = (
				4D5905921F0F48D2000AEC2E /* Sources */,
				4D5905931F0F48D2000AEC2E /* Frameworks */,
				4D5905941F0F48D2000AEC2E /* Resources */,
			);
			buildRules = (
			);
			dependencies = (
				4D5905981F0F48D2000AEC2E /* PBXTargetDependency */,
			);
			name = GitSampleTests;
			productName = GitSampleTests;
			productReference = 4D5905961F0F48D2000AEC2E /* GitSampleTests.xctest */;
			productType = "com.apple.product-type.bundle.unit-test";
		};
		4D5905A01F0F48D2000AEC2E /* GitSampleUITests */ = {
			isa = PBXNativeTarget;
			buildConfigurationList = 4D5905B01F0F48D2000AEC2E /* Build configuration list for PBXNativeTarget "GitSampleUITests" */;
			buildPhases = (
				4D59059D1F0F48D2000AEC2E /* Sources */,
				4D59059E1F0F48D2000AEC2E /* Frameworks */,
				4D59059F1F0F48D2000AEC2E /* Resources */,
			);
			buildRules = (
			);
			dependencies = (
				4D5905A31F0F48D2000AEC2E /* PBXTargetDependency */,
			);
			name = GitSampleUITests;
			productName = GitSampleUITests;
			productReference = 4D5905A11F0F48D2000AEC2E /* GitSampleUITests.xctest */;
			productType = "com.apple.product-type.bundle.ui-testing";
		};
/* End PBXNativeTarget section */

/* Begin PBXProject section */
		4D5905751F0F48D2000AEC2E /* Project object */ = {
			isa = PBXProject;
			attributes = {
				LastUpgradeCheck = 0830;
				ORGANIZATIONNAME = Rajeev;
				TargetAttributes = {
					4D59057C1F0F48D2000AEC2E = {
						CreatedOnToolsVersion = 8.3.3;
						ProvisioningStyle = Automatic;
					};
					4D5905951F0F48D2000AEC2E = {
						CreatedOnToolsVersion = 8.3.3;
						ProvisioningStyle = Automatic;
						TestTargetID = 4D59057C1F0F48D2000AEC2E;
					};
					4D5905A01F0F48D2000AEC2E = {
						CreatedOnToolsVersion = 8.3.3;
						ProvisioningStyle = Automatic;
						TestTargetID = 4D59057C1F0F48D2000AEC2E;
					};
				};
			};
			buildConfigurationList = 4D5905781F0F48D2000AEC2E /* Build configuration list for PBXProject "GitSample" */;
			compatibilityVersion = "Xcode 3.2";
			developmentRegion = English;
			hasScannedForEncodings = 0;
			knownRegions = (
				en,
				Base,
			);
			mainGroup = 4D5905741F0F48D2000AEC2E;
			productRefGroup = 4D59057E1F0F48D2000AEC2E /* Products */;
			projectDirPath = "";
			projectRoot = "";
			targets = (
				4D59057C1F0F48D2000AEC2E /* GitSample */,
				4D5905951F0F48D2000AEC2E /* GitSampleTests */,
				4D5905A01F0F48D2000AEC2E /* GitSampleUITests */,
			);
		};
/* End PBXProject section */

/* Begin PBXResourcesBuildPhase section */
		4D59057B1F0F48D2000AEC2E /* Resources */ = {
			isa = PBXResourcesBuildPhase;
			buildActionMask = 2147483647;
			files = (
				4D5905901F0F48D2000AEC2E /* LaunchScreen.storyboard in Resources */,
				4D59058D1F0F48D2000AEC2E /* Assets.xcassets in Resources */,
				4D59058B1F0F48D2000AEC2E /* Main.storyboard in Resources */,
			);
			runOnlyForDeploymentPostprocessing = 0;
		};
		4D5905941F0F48D2000AEC2E /* Resources */ = {
			isa = PBXResourcesBuildPhase;
			buildActionMask = 2147483647;
			files = (
			);
			runOnlyForDeploymentPostprocessing = 0;
		};
		4D59059F1F0F48D2000AEC2E /* Resources */ = {
			isa = PBXResourcesBuildPhase;
			buildActionMask = 2147483647;
			files = (
			);
			runOnlyForDeploymentPostprocessing = 0;
		};
/* End PBXResourcesBuildPhase section */

/* Begin PBXSourcesBuildPhase section */
		4D5905791F0F48D2000AEC2E /* Sources */ = {
			isa = PBXSourcesBuildPhase;
			buildActionMask = 2147483647;
			files = (
				4D5905881F0F48D2000AEC2E /* ViewController.m in Sources */,
				4D5905851F0F48D2000AEC2E /* AppDelegate.m in Sources */,
				4D5905821F0F48D2000AEC2E /* main.m in Sources */,
			);
			runOnlyForDeploymentPostprocessing = 0;
		};
		4D5905921F0F48D2000AEC2E /* Sources */ = {
			isa = PBXSourcesBuildPhase;
			buildActionMask = 2147483647;
			files = (
				4D59059B1F0F48D2000AEC2E /* GitSampleTests.m in Sources */,
			);
			runOnlyForDeploymentPostprocessing = 0;
		};
		4D59059D1F0F48D2000AEC2E /* Sources */ = {
			isa = PBXSourcesBuildPhase;
			buildActionMask = 2147483647;
			files = (
				4D5905A61F0F48D2000AEC2E /* GitSampleUITests.m in Sources */,
			);
			runOnlyForDeploymentPostprocessing = 0;
		};
/* End PBXSourcesBuildPhase section */

/* Begin PBXTargetDependency section */
		4D5905981F0F48D2000AEC2E /* PBXTargetDependency */ = {
			isa = PBXTargetDependency;
			target = 4D59057C1F0F48D2000AEC2E /* GitSample */;
			targetProxy = 4D5905971F0F48D2000AEC2E /* PBXContainerItemProxy */;
		};
		4D5905A31F0F48D2000AEC2E /* PBXTargetDependency */ = {
			isa = PBXTargetDependency;
			target = 4D59057C1F0F48D2000AEC2E /* GitSample */;
			targetProxy = 4D5905A21F0F48D2000AEC2E /* PBXContainerItemProxy */;
		};
/* End PBXTargetDependency section */

/* Begin PBXVariantGroup section */
		4D5905891F0F48D2000AEC2E /* Main.storyboard */ = {
			isa = PBXVariantGroup;
			children = (
				4D59058A1F0F48D2000AEC2E /* Base */,
			);
			name = Main.storyboard;
			sourceTree = "<group>";
		};
		4D59058E1F0F48D2000AEC2E /* LaunchScreen.storyboard */ = {
			isa = PBXVariantGroup;
			children = (
				4D59058F1F0F48D2000AEC2E /* Base */,
			);
			name = LaunchScreen.storyboard;
			sourceTree = "<group>";
		};
/* End PBXVariantGroup section */

/* Begin XCBuildConfiguration section */
		4D5905A81F0F48D2000AEC2E /* Debug */ = {
			isa = XCBuildConfiguration;
			buildSettings = {
				ALWAYS_SEARCH_USER_PATHS = NO;
				CLANG_ANALYZER_NONNULL = YES;
				CLANG_ANALYZER_NUMBER_OBJECT_CONVERSION = YES_AGGRESSIVE;
				CLANG_CXX_LANGUAGE_STANDARD = "gnu++0x";
				CLANG_CXX_LIBRARY = "libc++";
				CLANG_ENABLE_MODULES = YES;
				CLANG_ENABLE_OBJC_ARC = YES;
				CLANG_WARN_BOOL_CONVERSION = YES;
				CLANG_WARN_CONSTANT_CONVERSION = YES;
				CLANG_WARN_DIRECT_OBJC_ISA_USAGE = YES_ERROR;
				CLANG_WARN_DOCUMENTATION_COMMENTS = YES;
				CLANG_WARN_EMPTY_BODY = YES;
				CLANG_WARN_ENUM_CONVERSION = YES;
				CLANG_WARN_INFINITE_RECURSION = YES;
				CLANG_WARN_INT_CONVERSION = YES;
				CLANG_WARN_OBJC_ROOT_CLASS = YES_ERROR;
				CLANG_WARN_SUSPICIOUS_MOVE = YES;
				CLANG_WARN_UNREACHABLE_CODE = YES;
				CLANG_WARN__DUPLICATE_METHOD_MATCH = YES;
				"CODE_SIGN_IDENTITY[sdk=iphoneos*]" = "iPhone Developer";
				COPY_PHASE_STRIP = NO;
				DEBUG_INFORMATION_FORMAT = dwarf;
				ENABLE_STRICT_OBJC_MSGSEND = YES;
				ENABLE_TESTABILITY = YES;
				GCC_C_LANGUAGE_STANDARD = gnu99;
				GCC_DYNAMIC_NO_PIC = NO;
				GCC_NO_COMMON_BLOCKS = YES;
				GCC_OPTIMIZATION_LEVEL = 0;
				GCC_PREPROCESSOR_DEFINITIONS = (
					"DEBUG=1",
					"$(inherited)",
				);
				GCC_WARN_64_TO_32_BIT_CONVERSION = YES;
				GCC_WARN_ABOUT_RETURN_TYPE = YES_ERROR;
				GCC_WARN_UNDECLARED_SELECTOR = YES;
				GCC_WARN_UNINITIALIZED_AUTOS = YES_AGGRESSIVE;
				GCC_WARN_UNUSED_FUNCTION = YES;
				GCC_WARN_UNUSED_VARIABLE = YES;
				IPHONEOS_DEPLOYMENT_TARGET = 10.3;
				MTL_ENABLE_DEBUG_INFO = YES;
				ONLY_ACTIVE_ARCH = YES;
				SDKROOT = iphoneos;
			};
			name = Debug;
		};
		4D5905A91F0F48D2000AEC2E /* Release */ = {
			isa = XCBuildConfiguration;
			buildSettings = {
				ALWAYS_SEARCH_USER_PATHS = NO;
				CLANG_ANALYZER_NONNULL = YES;
				CLANG_ANALYZER_NUMBER_OBJECT_CONVERSION = YES_AGGRESSIVE;
				CLANG_CXX_LANGUAGE_STANDARD = "gnu++0x";
				CLANG_CXX_LIBRARY = "libc++";
				CLANG_ENABLE_MODULES = YES;
				CLANG_ENABLE_OBJC_ARC = YES;
				CLANG_WARN_BOOL_CONVERSION = YES;
				CLANG_WARN_CONSTANT_CONVERSION = YES;
				CLANG_WARN_DIRECT_OBJC_ISA_USAGE = YES_ERROR;
				CLANG_WARN_DOCUMENTATION_COMMENTS = YES;
				CLANG_WARN_EMPTY_BODY = YES;
				CLANG_WARN_ENUM_CONVERSION = YES;
				CLANG_WARN_INFINITE_RECURSION = YES;
				CLANG_WARN_INT_CONVERSION = YES;
				CLANG_WARN_OBJC_ROOT_CLASS = YES_ERROR;
				CLANG_WARN_SUSPICIOUS_MOVE = YES;
				CLANG_WARN_UNREACHABLE_CODE = YES;
				CLANG_WARN__DUPLICATE_METHOD_MATCH = YES;
				"CODE_SIGN_IDENTITY[sdk=iphoneos*]" = "iPhone Developer";
				COPY_PHASE_STRIP = NO;
				DEBUG_INFORMATION_FORMAT = "dwarf-with-dsym";
				ENABLE_NS_ASSERTIONS = NO;
				ENABLE_STRICT_OBJC_MSGSEND = YES;
				GCC_C_LANGUAGE_STANDARD = gnu99;
				GCC_NO_COMMON_BLOCKS = YES;
				GCC_WARN_64_TO_32_BIT_CONVERSION = YES;
				GCC_WARN_ABOUT_RETURN_TYPE = YES_ERROR;
				GCC_WARN_UNDECLARED_SELECTOR = YES;
				GCC_WARN_UNINITIALIZED_AUTOS = YES_AGGRESSIVE;
				GCC_WARN_UNUSED_FUNCTION = YES;
				GCC_WARN_UNUSED_VARIABLE = YES;
				IPHONEOS_DEPLOYMENT_TARGET = 10.3;
				MTL_ENABLE_DEBUG_INFO = NO;
				SDKROOT = iphoneos;
				VALIDATE_PRODUCT = YES;
			};
			name = Release;
		};
		4D5905AB1F0F48D2000AEC2E /* Debug */ = {
			isa = XCBuildConfiguration;
			buildSettings = {
				ASSETCATALOG_COMPILER_APPICON_NAME = AppIcon;
				INFOPLIST_FILE = GitSample/Info.plist;
				LD_RUNPATH_SEARCH_PATHS = "$(inherited) @executable_path/Frameworks";
				PRODUCT_BUNDLE_IDENTIFIER = com.GitSample;
				PRODUCT_NAME = "$(TARGET_NAME)";
			};
			name = Debug;
		};
		4D5905AC1F0F48D2000AEC2E /* Release */ = {
			isa = XCBuildConfiguration;
			buildSettings = {
				ASSETCATALOG_COMPILER_APPICON_NAME = AppIcon;
				INFOPLIST_FILE = GitSample/Info.plist;
				LD_RUNPATH_SEARCH_PATHS = "$(inherited) @executable_path/Frameworks";
				PRODUCT_BUNDLE_IDENTIFIER = com.GitSample;
				PRODUCT_NAME = "$(TARGET_NAME)";
			};
			name = Release;
		};
		4D5905AE1F0F48D2000AEC2E /* Debug */ = {
			isa = XCBuildConfiguration;
			buildSettings = {
				BUNDLE_LOADER = "$(TEST_HOST)";
				INFOPLIST_FILE = GitSampleTests/Info.plist;
				LD_RUNPATH_SEARCH_PATHS = "$(inherited) @executable_path/Frameworks @loader_path/Frameworks";
				PRODUCT_BUNDLE_IDENTIFIER = com.GitSampleTests;
				PRODUCT_NAME = "$(TARGET_NAME)";
				TEST_HOST = "$(BUILT_PRODUCTS_DIR)/GitSample.app/GitSample";
			};
			name = Debug;
		};
		4D5905AF1F0F48D2000AEC2E /* Release */ = {
			isa = XCBuildConfiguration;
			buildSettings = {
				BUNDLE_LOADER = "$(TEST_HOST)";
				INFOPLIST_FILE = GitSampleTests/Info.plist;
				LD_RUNPATH_SEARCH_PATHS = "$(inherited) @executable_path/Frameworks @loader_path/Frameworks";
				PRODUCT_BUNDLE_IDENTIFIER = com.GitSampleTests;
				PRODUCT_NAME = "$(TARGET_NAME)";
				TEST_HOST = "$(BUILT_PRODUCTS_DIR)/GitSample.app/GitSample";
			};
			name = Release;
		};
		4D5905B11F0F48D2000AEC2E /* Debug */ = {
			isa = XCBuildConfiguration;
			buildSettings = {
				INFOPLIST_FILE = GitSampleUITests/Info.plist;
				LD_RUNPATH_SEARCH_PATHS = "$(inherited) @executable_path/Frameworks @loader_path/Frameworks";
				PRODUCT_BUNDLE_IDENTIFIER = com.GitSampleUITests;
				PRODUCT_NAME = "$(TARGET_NAME)";
				TEST_TARGET_NAME = GitSample;
			};
			name = Debug;
		};
		4D5905B21F0F48D2000AEC2E /* Release */ = {
			isa = XCBuildConfiguration;
			buildSettings = {
				INFOPLIST_FILE = GitSampleUITests/Info.plist;
				LD_RUNPATH_SEARCH_PATHS = "$(inherited) @executable_path/Frameworks @loader_path/Frameworks";
				PRODUCT_BUNDLE_IDENTIFIER = com.GitSampleUITests;
				PRODUCT_NAME = "$(TARGET_NAME)";
				TEST_TARGET_NAME = GitSample;
			};
			name = Release;
		};
/* End XCBuildConfiguration section */

/* Begin XCConfigurationList section */
		4D5905781F0F48D2000AEC2E /* Build configuration list for PBXProject "GitSample" */ = {
			isa = XCConfigurationList;
			buildConfigurations = (
				4D5905A81F0F48D2000AEC2E /* Debug */,
				4D5905A91F0F48D2000AEC2E /* Release */,
			);
			defaultConfigurationIsVisible = 0;
			defaultConfigurationName = Release;
		};
		4D5905AA1F0F48D2000AEC2E /* Build configuration list for PBXNativeTarget "GitSample" */ = {
			isa = XCConfigurationList;
			buildConfigurations = (
				4D5905AB1F0F48D2000AEC2E /* Debug */,
				4D5905AC1F0F48D2000AEC2E /* Release */,
			);
			defaultConfigurationIsVisible = 0;
		};
		4D5905AD1F0F48D2000AEC2E /* Build configuration list for PBXNativeTarget "GitSampleTests" */ = {
			isa = XCConfigurationList;
			buildConfigurations = (
				4D5905AE1F0F48D2000AEC2E /* Debug */,
				4D5905AF1F0F48D2000AEC2E /* Release */,
			);
			defaultConfigurationIsVisible = 0;
		};
		4D5905B01F0F48D2000AEC2E /* Build configuration list for PBXNativeTarget "GitSampleUITests" */ = {
			isa = XCConfigurationList;
			buildConfigurations = (
				4D5905B11F0F48D2000AEC2E /* Debug */,
				4D5905B21F0F48D2000AEC2E /* Release */,
			);
			defaultConfigurationIsVisible = 0;
		};
/* End XCConfigurationList section */
	};
	rootObject = 4D5905751F0F48D2000AEC2E /* Project object */;
}
